
Microsoft Visual Studio Solution File, Format Version 10.00
# Visual Studio 2008
Project("{F184B08F-C81C-45F6-A57F-5ABD9991F28F}") = "YAPM", "YAPM\YAPM.vbproj", "{A82E9888-6B2A-44A7-B79A-27C93079ACDD}"
	ProjectSection(ProjectDependencies) = postProject
		{7C2CCE0A-A288-4869-A7B7-CC0D18AF3B8C} = {7C2CCE0A-A288-4869-A7B7-CC0D18AF3B8C}
		{5BF15AF5-DEB8-46A8-99C7-21993617D0C8} = {5BF15AF5-DEB8-46A8-99C7-21993617D0C8}
	EndProjectSection
EndProject
Project("{FAE04EC0-301F-11D3-BF4B-00C04F79EFBC}") = "TaskDialog", "TaskDialog\TaskDialog.csproj", "{5BF15AF5-DEB8-46A8-99C7-21993617D0C8}"
EndProject
Project("{FAE04EC0-301F-11D3-BF4B-00C04F79EFBC}") = "VistaMenu", "VistaMenu\Control\VistaMenu.csproj", "{7C2CCE0A-A288-4869-A7B7-CC0D18AF3B8C}"
EndProject
Project("{FAE04EC0-301F-11D3-BF4B-00C04F79EFBC}") = "SecurePasswordTextBox", "SecurePasswordTextBox\SecurePasswordTextBox.csproj", "{12EE0447-8AC7-4E1C-87B3-428A1A414CDF}"
EndProject
Project("{FAE04EC0-301F-11D3-BF4B-00C04F79EFBC}") = "SecureChannel", "SecureChannel\SecureChannel.csproj", "{602F813A-2157-4050-8ADA-10217636F33E}"
EndProject
Project("{FAE04EC0-301F-11D3-BF4B-00C04F79EFBC}") = "InteractiveProcessFromService", "InteractiveProcessFromService\InteractiveProcessFromService.csproj", "{6C8A134F-E0E8-4F5D-8DC5-57313CEC1E3A}"
EndProject
Global
	GlobalSection(SolutionConfigurationPlatforms) = preSolution
		BuildZipRelease|Any CPU = BuildZipRelease|Any CPU
		Debug_replace_taskmgr|Any CPU = Debug_replace_taskmgr|Any CPU
		Debug|Any CPU = Debug|Any CPU
		DebugServer|Any CPU = DebugServer|Any CPU
		Release_server|Any CPU = Release_server|Any CPU
		Release|Any CPU = Release|Any CPU
	EndGlobalSection
	GlobalSection(ProjectConfigurationPlatforms) = postSolution
		{A82E9888-6B2A-44A7-B79A-27C93079ACDD}.BuildZipRelease|Any CPU.ActiveCfg = BuildZipRelease|Any CPU
		{A82E9888-6B2A-44A7-B79A-27C93079ACDD}.BuildZipRelease|Any CPU.Build.0 = BuildZipRelease|Any CPU
		{A82E9888-6B2A-44A7-B79A-27C93079ACDD}.Debug_replace_taskmgr|Any CPU.ActiveCfg = Debug - replace taskmgr|Any CPU
		{A82E9888-6B2A-44A7-B79A-27C93079ACDD}.Debug_replace_taskmgr|Any CPU.Build.0 = Debug - replace taskmgr|Any CPU
		{A82E9888-6B2A-44A7-B79A-27C93079ACDD}.Debug|Any CPU.ActiveCfg = Debug|Any CPU
		{A82E9888-6B2A-44A7-B79A-27C93079ACDD}.Debug|Any CPU.Build.0 = Debug|Any CPU
		{A82E9888-6B2A-44A7-B79A-27C93079ACDD}.DebugServer|Any CPU.ActiveCfg = DebugServer|Any CPU
		{A82E9888-6B2A-44A7-B79A-27C93079ACDD}.DebugServer|Any CPU.Build.0 = DebugServer|Any CPU
		{A82E9888-6B2A-44A7-B79A-27C93079ACDD}.Release_server|Any CPU.ActiveCfg = Release - server|Any CPU
		{A82E9888-6B2A-44A7-B79A-27C93079ACDD}.Release_server|Any CPU.Build.0 = Release - server|Any CPU
		{A82E9888-6B2A-44A7-B79A-27C93079ACDD}.Release|Any CPU.ActiveCfg = Release|Any CPU
		{A82E9888-6B2A-44A7-B79A-27C93079ACDD}.Release|Any CPU.Build.0 = Release|Any CPU
		{5BF15AF5-DEB8-46A8-99C7-21993617D0C8}.BuildZipRelease|Any CPU.ActiveCfg = BuildZipRelease|Any CPU
		{5BF15AF5-DEB8-46A8-99C7-21993617D0C8}.BuildZipRelease|Any CPU.Build.0 = BuildZipRelease|Any CPU
		{5BF15AF5-DEB8-46A8-99C7-21993617D0C8}.Debug_replace_taskmgr|Any CPU.ActiveCfg = Debug - replace taskmgr|Any CPU
		{5BF15AF5-DEB8-46A8-99C7-21993617D0C8}.Debug_replace_taskmgr|Any CPU.Build.0 = Debug - replace taskmgr|Any CPU
		{5BF15AF5-DEB8-46A8-99C7-21993617D0C8}.Debug|Any CPU.ActiveCfg = Debug|Any CPU
		{5BF15AF5-DEB8-46A8-99C7-21993617D0C8}.Debug|Any CPU.Build.0 = Debug|Any CPU
		{5BF15AF5-DEB8-46A8-99C7-21993617D0C8}.DebugServer|Any CPU.ActiveCfg = DebugServer|Any CPU
		{5BF15AF5-DEB8-46A8-99C7-21993617D0C8}.DebugServer|Any CPU.Build.0 = DebugServer|Any CPU
		{5BF15AF5-DEB8-46A8-99C7-21993617D0C8}.Release_server|Any CPU.ActiveCfg = Release - server|Any CPU
		{5BF15AF5-DEB8-46A8-99C7-21993617D0C8}.Release_server|Any CPU.Build.0 = Release - server|Any CPU
		{5BF15AF5-DEB8-46A8-99C7-21993617D0C8}.Release|Any CPU.ActiveCfg = Release|Any CPU
		{5BF15AF5-DEB8-46A8-99C7-21993617D0C8}.Release|Any CPU.Build.0 = Release|Any CPU
		{7C2CCE0A-A288-4869-A7B7-CC0D18AF3B8C}.BuildZipRelease|Any CPU.ActiveCfg = BuildZipRelease|Any CPU
		{7C2CCE0A-A288-4869-A7B7-CC0D18AF3B8C}.BuildZipRelease|Any CPU.Build.0 = BuildZipRelease|Any CPU
		{7C2CCE0A-A288-4869-A7B7-CC0D18AF3B8C}.Debug_replace_taskmgr|Any CPU.ActiveCfg = Debug - replace taskmgr|Any CPU
		{7C2CCE0A-A288-4869-A7B7-CC0D18AF3B8C}.Debug_replace_taskmgr|Any CPU.Build.0 = Debug - replace taskmgr|Any CPU
		{7C2CCE0A-A288-4869-A7B7-CC0D18AF3B8C}.Debug|Any CPU.ActiveCfg = Debug|Any CPU
		{7C2CCE0A-A288-4869-A7B7-CC0D18AF3B8C}.Debug|Any CPU.Build.0 = Debug|Any CPU
		{7C2CCE0A-A288-4869-A7B7-CC0D18AF3B8C}.DebugServer|Any CPU.ActiveCfg = DebugServer|Any CPU
		{7C2CCE0A-A288-4869-A7B7-CC0D18AF3B8C}.DebugServer|Any CPU.Build.0 = DebugServer|Any CPU
		{7C2CCE0A-A288-4869-A7B7-CC0D18AF3B8C}.Release_server|Any CPU.ActiveCfg = Release|Any CPU
		{7C2CCE0A-A288-4869-A7B7-CC0D18AF3B8C}.Release_server|Any CPU.Build.0 = Release|Any CPU
		{7C2CCE0A-A288-4869-A7B7-CC0D18AF3B8C}.Release|Any CPU.ActiveCfg = Release|Any CPU
		{7C2CCE0A-A288-4869-A7B7-CC0D18AF3B8C}.Release|Any CPU.Build.0 = Release|Any CPU
		{12EE0447-8AC7-4E1C-87B3-428A1A414CDF}.BuildZipRelease|Any CPU.ActiveCfg = BuildZipRelease|Any CPU
		{12EE0447-8AC7-4E1C-87B3-428A1A414CDF}.BuildZipRelease|Any CPU.Build.0 = BuildZipRelease|Any CPU
		{12EE0447-8AC7-4E1C-87B3-428A1A414CDF}.Debug_replace_taskmgr|Any CPU.ActiveCfg = Debug - replace taskmgr|Any CPU
		{12EE0447-8AC7-4E1C-87B3-428A1A414CDF}.Debug_replace_taskmgr|Any CPU.Build.0 = Debug - replace taskmgr|Any CPU
		{12EE0447-8AC7-4E1C-87B3-428A1A414CDF}.Debug|Any CPU.ActiveCfg = Debug|Any CPU
		{12EE0447-8AC7-4E1C-87B3-428A1A414CDF}.Debug|Any CPU.Build.0 = Debug|Any CPU
		{12EE0447-8AC7-4E1C-87B3-428A1A414CDF}.DebugServer|Any CPU.ActiveCfg = DebugServer|Any CPU
		{12EE0447-8AC7-4E1C-87B3-428A1A414CDF}.DebugServer|Any CPU.Build.0 = DebugServer|Any CPU
		{12EE0447-8AC7-4E1C-87B3-428A1A414CDF}.Release_server|Any CPU.ActiveCfg = Release|Any CPU
		{12EE0447-8AC7-4E1C-87B3-428A1A414CDF}.Release_server|Any CPU.Build.0 = Release|Any CPU
		{12EE0447-8AC7-4E1C-87B3-428A1A414CDF}.Release|Any CPU.ActiveCfg = Release|Any CPU
		{12EE0447-8AC7-4E1C-87B3-428A1A414CDF}.Release|Any CPU.Build.0 = Release|Any CPU
		{602F813A-2157-4050-8ADA-10217636F33E}.BuildZipRelease|Any CPU.ActiveCfg = Release|Any CPU
		{602F813A-2157-4050-8ADA-10217636F33E}.BuildZipRelease|Any CPU.Build.0 = Release|Any CPU
		{602F813A-2157-4050-8ADA-10217636F33E}.Debug_replace_taskmgr|Any CPU.ActiveCfg = Debug|Any CPU
		{602F813A-2157-4050-8ADA-10217636F33E}.Debug_replace_taskmgr|Any CPU.Build.0 = Debug|Any CPU
		{602F813A-2157-4050-8ADA-10217636F33E}.Debug|Any CPU.ActiveCfg = Debug|Any CPU
		{602F813A-2157-4050-8ADA-10217636F33E}.Debug|Any CPU.Build.0 = Debug|Any CPU
		{602F813A-2157-4050-8ADA-10217636F33E}.DebugServer|Any CPU.ActiveCfg = Debug|Any CPU
		{602F813A-2157-4050-8ADA-10217636F33E}.DebugServer|Any CPU.Build.0 = Debug|Any CPU
		{602F813A-2157-4050-8ADA-10217636F33E}.Release_server|Any CPU.ActiveCfg = Release|Any CPU
		{602F813A-2157-4050-8ADA-10217636F33E}.Release_server|Any CPU.Build.0 = Release|Any CPU
		{602F813A-2157-4050-8ADA-10217636F33E}.Release|Any CPU.ActiveCfg = Release|Any CPU
		{602F813A-2157-4050-8ADA-10217636F33E}.Release|Any CPU.Build.0 = Release|Any CPU
		{6C8A134F-E0E8-4F5D-8DC5-57313CEC1E3A}.BuildZipRelease|Any CPU.ActiveCfg = Release|Any CPU
		{6C8A134F-E0E8-4F5D-8DC5-57313CEC1E3A}.BuildZipRelease|Any CPU.Build.0 = Release|Any CPU
		{6C8A134F-E0E8-4F5D-8DC5-57313CEC1E3A}.Debug_replace_taskmgr|Any CPU.ActiveCfg = Debug|Any CPU
		{6C8A134F-E0E8-4F5D-8DC5-57313CEC1E3A}.Debug_replace_taskmgr|Any CPU.Build.0 = Debug|Any CPU
		{6C8A134F-E0E8-4F5D-8DC5-57313CEC1E3A}.Debug|Any CPU.ActiveCfg = Debug|Any CPU
		{6C8A134F-E0E8-4F5D-8DC5-57313CEC1E3A}.Debug|Any CPU.Build.0 = Debug|Any CPU
		{6C8A134F-E0E8-4F5D-8DC5-57313CEC1E3A}.DebugServer|Any CPU.ActiveCfg = Debug|Any CPU
		{6C8A134F-E0E8-4F5D-8DC5-57313CEC1E3A}.DebugServer|Any CPU.Build.0 = Debug|Any CPU
		{6C8A134F-E0E8-4F5D-8DC5-57313CEC1E3A}.Release_server|Any CPU.ActiveCfg = Release|Any CPU
		{6C8A134F-E0E8-4F5D-8DC5-57313CEC1E3A}.Release_server|Any CPU.Build.0 = Release|Any CPU
		{6C8A134F-E0E8-4F5D-8DC5-57313CEC1E3A}.Release|Any CPU.ActiveCfg = Release|Any CPU
		{6C8A134F-E0E8-4F5D-8DC5-57313CEC1E3A}.Release|Any CPU.Build.0 = Release|Any CPU
	EndGlobalSection
	GlobalSection(SolutionProperties) = preSolution
		HideSolutionNode = FALSE
	EndGlobalSection
EndGlobal
