
Microsoft Visual Studio Solution File, Format Version 10.00
# Visual Studio 2008
Project("{F184B08F-C81C-45F6-A57F-5ABD9991F28F}") = "YAPM", "YAPM\YAPM.vbproj", "{A82E9888-6B2A-44A7-B79A-27C93079ACDD}"
	ProjectSection(ProjectDependencies) = postProject
		{8C885999-147E-4651-AF9C-6F7149F1344D} = {8C885999-147E-4651-AF9C-6F7149F1344D}
		{657B7CE9-D35C-4E65-A05B-CC6B46A14D7D} = {657B7CE9-D35C-4E65-A05B-CC6B46A14D7D}
		{4F4D09F8-D122-4ACB-B049-881634E67A2C} = {4F4D09F8-D122-4ACB-B049-881634E67A2C}
	EndProjectSection
EndProject
Project("{F184B08F-C81C-45F6-A57F-5ABD9991F28F}") = "CoreFunc", "CoreFunc\CoreFunc.vbproj", "{4F4D09F8-D122-4ACB-B049-881634E67A2C}"
	ProjectSection(ProjectDependencies) = postProject
		{8C885999-147E-4651-AF9C-6F7149F1344D} = {8C885999-147E-4651-AF9C-6F7149F1344D}
	EndProjectSection
EndProject
Project("{F184B08F-C81C-45F6-A57F-5ABD9991F28F}") = "Providers", "Providers\Providers.vbproj", "{657B7CE9-D35C-4E65-A05B-CC6B46A14D7D}"
	ProjectSection(ProjectDependencies) = postProject
		{4F4D09F8-D122-4ACB-B049-881634E67A2C} = {4F4D09F8-D122-4ACB-B049-881634E67A2C}
	EndProjectSection
EndProject
Project("{F184B08F-C81C-45F6-A57F-5ABD9991F28F}") = "MemoryHexEditor", "YAPM\UserControls\MemoryHexEditor\MemoryHexEditor.vbproj", "{8C885999-147E-4651-AF9C-6F7149F1344D}"
EndProject
Project("{F184B08F-C81C-45F6-A57F-5ABD9991F28F}") = "YAPMRemote", "YAPMRemote\YAPMRemote.vbproj", "{F69D7994-0F74-4662-BFE7-1BE74C24EF6D}"
EndProject
Project("{F184B08F-C81C-45F6-A57F-5ABD9991F28F}") = "aPoubelle", "aPoubelle\aPoubelle.vbproj", "{1742DD66-0EA5-47A4-B6DF-59423CE7682F}"
EndProject
Global
	GlobalSection(SolutionConfigurationPlatforms) = preSolution
		Debug|Any CPU = Debug|Any CPU
		Release|Any CPU = Release|Any CPU
	EndGlobalSection
	GlobalSection(ProjectConfigurationPlatforms) = postSolution
		{A82E9888-6B2A-44A7-B79A-27C93079ACDD}.Debug|Any CPU.ActiveCfg = Debug|Any CPU
		{A82E9888-6B2A-44A7-B79A-27C93079ACDD}.Debug|Any CPU.Build.0 = Debug|Any CPU
		{A82E9888-6B2A-44A7-B79A-27C93079ACDD}.Release|Any CPU.ActiveCfg = Release|Any CPU
		{A82E9888-6B2A-44A7-B79A-27C93079ACDD}.Release|Any CPU.Build.0 = Release|Any CPU
		{4F4D09F8-D122-4ACB-B049-881634E67A2C}.Debug|Any CPU.ActiveCfg = Debug|Any CPU
		{4F4D09F8-D122-4ACB-B049-881634E67A2C}.Debug|Any CPU.Build.0 = Debug|Any CPU
		{4F4D09F8-D122-4ACB-B049-881634E67A2C}.Release|Any CPU.ActiveCfg = Release|Any CPU
		{4F4D09F8-D122-4ACB-B049-881634E67A2C}.Release|Any CPU.Build.0 = Release|Any CPU
		{657B7CE9-D35C-4E65-A05B-CC6B46A14D7D}.Debug|Any CPU.ActiveCfg = Debug|Any CPU
		{657B7CE9-D35C-4E65-A05B-CC6B46A14D7D}.Debug|Any CPU.Build.0 = Debug|Any CPU
		{657B7CE9-D35C-4E65-A05B-CC6B46A14D7D}.Release|Any CPU.ActiveCfg = Release|Any CPU
		{657B7CE9-D35C-4E65-A05B-CC6B46A14D7D}.Release|Any CPU.Build.0 = Release|Any CPU
		{8C885999-147E-4651-AF9C-6F7149F1344D}.Debug|Any CPU.ActiveCfg = Debug|Any CPU
		{8C885999-147E-4651-AF9C-6F7149F1344D}.Debug|Any CPU.Build.0 = Debug|Any CPU
		{8C885999-147E-4651-AF9C-6F7149F1344D}.Release|Any CPU.ActiveCfg = Release|Any CPU
		{8C885999-147E-4651-AF9C-6F7149F1344D}.Release|Any CPU.Build.0 = Release|Any CPU
		{F69D7994-0F74-4662-BFE7-1BE74C24EF6D}.Debug|Any CPU.ActiveCfg = Debug|Any CPU
		{F69D7994-0F74-4662-BFE7-1BE74C24EF6D}.Debug|Any CPU.Build.0 = Debug|Any CPU
		{F69D7994-0F74-4662-BFE7-1BE74C24EF6D}.Release|Any CPU.ActiveCfg = Release|Any CPU
		{F69D7994-0F74-4662-BFE7-1BE74C24EF6D}.Release|Any CPU.Build.0 = Release|Any CPU
		{1742DD66-0EA5-47A4-B6DF-59423CE7682F}.Debug|Any CPU.ActiveCfg = Debug|Any CPU
		{1742DD66-0EA5-47A4-B6DF-59423CE7682F}.Debug|Any CPU.Build.0 = Debug|Any CPU
		{1742DD66-0EA5-47A4-B6DF-59423CE7682F}.Release|Any CPU.ActiveCfg = Release|Any CPU
		{1742DD66-0EA5-47A4-B6DF-59423CE7682F}.Release|Any CPU.Build.0 = Release|Any CPU
	EndGlobalSection
	GlobalSection(SolutionProperties) = preSolution
		HideSolutionNode = FALSE
	EndGlobalSection
EndGlobal
