
Microsoft Visual Studio Solution File, Format Version 10.00
# Visual Studio 2008
Project("{F184B08F-C81C-45F6-A57F-5ABD9991F28F}") = "YAPM", "YAPM\YAPM.vbproj", "{A82E9888-6B2A-44A7-B79A-27C93079ACDD}"
	ProjectSection(ProjectDependencies) = postProject
		{7C2CCE0A-A288-4869-A7B7-CC0D18AF3B8C} = {7C2CCE0A-A288-4869-A7B7-CC0D18AF3B8C}
		{5BF15AF5-DEB8-46A8-99C7-21993617D0C8} = {5BF15AF5-DEB8-46A8-99C7-21993617D0C8}
	EndProjectSection
EndProject
Project("{F184B08F-C81C-45F6-A57F-5ABD9991F28F}") = "aPoubelle", "aPoubelle\aPoubelle.vbproj", "{1742DD66-0EA5-47A4-B6DF-59423CE7682F}"
EndProject
Project("{FAE04EC0-301F-11D3-BF4B-00C04F79EFBC}") = "TaskDialog", "TaskDialog\TaskDialog.csproj", "{5BF15AF5-DEB8-46A8-99C7-21993617D0C8}"
EndProject
Project("{FAE04EC0-301F-11D3-BF4B-00C04F79EFBC}") = "VistaMenu", "VistaMenu\Control\VistaMenu.csproj", "{7C2CCE0A-A288-4869-A7B7-CC0D18AF3B8C}"
EndProject
Project("{FAE04EC0-301F-11D3-BF4B-00C04F79EFBC}") = "SecurePasswordTextBox", "SecurePasswordTextBox\SecurePasswordTextBox.csproj", "{12EE0447-8AC7-4E1C-87B3-428A1A414CDF}"
EndProject
Global
	GlobalSection(SolutionConfigurationPlatforms) = preSolution
		Debug - replace taskmgr|Any CPU = Debug - replace taskmgr|Any CPU
		Debug - server|Any CPU = Debug - server|Any CPU
		Debug|Any CPU = Debug|Any CPU
		Release - server|Any CPU = Release - server|Any CPU
		Release|Any CPU = Release|Any CPU
	EndGlobalSection
	GlobalSection(ProjectConfigurationPlatforms) = postSolution
		{A82E9888-6B2A-44A7-B79A-27C93079ACDD}.Debug - replace taskmgr|Any CPU.ActiveCfg = Debug - replace taskmgr|Any CPU
		{A82E9888-6B2A-44A7-B79A-27C93079ACDD}.Debug - replace taskmgr|Any CPU.Build.0 = Debug - replace taskmgr|Any CPU
		{A82E9888-6B2A-44A7-B79A-27C93079ACDD}.Debug - server|Any CPU.ActiveCfg = Debug - server|Any CPU
		{A82E9888-6B2A-44A7-B79A-27C93079ACDD}.Debug - server|Any CPU.Build.0 = Debug - server|Any CPU
		{A82E9888-6B2A-44A7-B79A-27C93079ACDD}.Debug|Any CPU.ActiveCfg = Debug|Any CPU
		{A82E9888-6B2A-44A7-B79A-27C93079ACDD}.Debug|Any CPU.Build.0 = Debug|Any CPU
		{A82E9888-6B2A-44A7-B79A-27C93079ACDD}.Release - server|Any CPU.ActiveCfg = Release - server|Any CPU
		{A82E9888-6B2A-44A7-B79A-27C93079ACDD}.Release - server|Any CPU.Build.0 = Release - server|Any CPU
		{A82E9888-6B2A-44A7-B79A-27C93079ACDD}.Release|Any CPU.ActiveCfg = Release|Any CPU
		{A82E9888-6B2A-44A7-B79A-27C93079ACDD}.Release|Any CPU.Build.0 = Release|Any CPU
		{1742DD66-0EA5-47A4-B6DF-59423CE7682F}.Debug - replace taskmgr|Any CPU.ActiveCfg = Debug|Any CPU
		{1742DD66-0EA5-47A4-B6DF-59423CE7682F}.Debug - server|Any CPU.ActiveCfg = Debug|Any CPU
		{1742DD66-0EA5-47A4-B6DF-59423CE7682F}.Debug|Any CPU.ActiveCfg = Debug|Any CPU
		{1742DD66-0EA5-47A4-B6DF-59423CE7682F}.Debug|Any CPU.Build.0 = Debug|Any CPU
		{1742DD66-0EA5-47A4-B6DF-59423CE7682F}.Release - server|Any CPU.ActiveCfg = Release|Any CPU
		{1742DD66-0EA5-47A4-B6DF-59423CE7682F}.Release|Any CPU.ActiveCfg = Release|Any CPU
		{1742DD66-0EA5-47A4-B6DF-59423CE7682F}.Release|Any CPU.Build.0 = Release|Any CPU
		{5BF15AF5-DEB8-46A8-99C7-21993617D0C8}.Debug - replace taskmgr|Any CPU.ActiveCfg = Debug - replace taskmgr|Any CPU
		{5BF15AF5-DEB8-46A8-99C7-21993617D0C8}.Debug - replace taskmgr|Any CPU.Build.0 = Debug - replace taskmgr|Any CPU
		{5BF15AF5-DEB8-46A8-99C7-21993617D0C8}.Debug - server|Any CPU.ActiveCfg = Debug - server|Any CPU
		{5BF15AF5-DEB8-46A8-99C7-21993617D0C8}.Debug - server|Any CPU.Build.0 = Debug - server|Any CPU
		{5BF15AF5-DEB8-46A8-99C7-21993617D0C8}.Debug|Any CPU.ActiveCfg = Debug|Any CPU
		{5BF15AF5-DEB8-46A8-99C7-21993617D0C8}.Debug|Any CPU.Build.0 = Debug|Any CPU
		{5BF15AF5-DEB8-46A8-99C7-21993617D0C8}.Release - server|Any CPU.ActiveCfg = Release - server|Any CPU
		{5BF15AF5-DEB8-46A8-99C7-21993617D0C8}.Release - server|Any CPU.Build.0 = Release - server|Any CPU
		{5BF15AF5-DEB8-46A8-99C7-21993617D0C8}.Release|Any CPU.ActiveCfg = Release|Any CPU
		{5BF15AF5-DEB8-46A8-99C7-21993617D0C8}.Release|Any CPU.Build.0 = Release|Any CPU
		{7C2CCE0A-A288-4869-A7B7-CC0D18AF3B8C}.Debug - replace taskmgr|Any CPU.ActiveCfg = Debug - replace taskmgr|Any CPU
		{7C2CCE0A-A288-4869-A7B7-CC0D18AF3B8C}.Debug - replace taskmgr|Any CPU.Build.0 = Debug - replace taskmgr|Any CPU
		{7C2CCE0A-A288-4869-A7B7-CC0D18AF3B8C}.Debug - server|Any CPU.ActiveCfg = Debug|Any CPU
		{7C2CCE0A-A288-4869-A7B7-CC0D18AF3B8C}.Debug - server|Any CPU.Build.0 = Debug|Any CPU
		{7C2CCE0A-A288-4869-A7B7-CC0D18AF3B8C}.Debug|Any CPU.ActiveCfg = Debug|Any CPU
		{7C2CCE0A-A288-4869-A7B7-CC0D18AF3B8C}.Debug|Any CPU.Build.0 = Debug|Any CPU
		{7C2CCE0A-A288-4869-A7B7-CC0D18AF3B8C}.Release - server|Any CPU.ActiveCfg = Release|Any CPU
		{7C2CCE0A-A288-4869-A7B7-CC0D18AF3B8C}.Release - server|Any CPU.Build.0 = Release|Any CPU
		{7C2CCE0A-A288-4869-A7B7-CC0D18AF3B8C}.Release|Any CPU.ActiveCfg = Release|Any CPU
		{7C2CCE0A-A288-4869-A7B7-CC0D18AF3B8C}.Release|Any CPU.Build.0 = Release|Any CPU
		{12EE0447-8AC7-4E1C-87B3-428A1A414CDF}.Debug - replace taskmgr|Any CPU.ActiveCfg = Debug - replace taskmgr|Any CPU
		{12EE0447-8AC7-4E1C-87B3-428A1A414CDF}.Debug - replace taskmgr|Any CPU.Build.0 = Debug - replace taskmgr|Any CPU
		{12EE0447-8AC7-4E1C-87B3-428A1A414CDF}.Debug - server|Any CPU.ActiveCfg = Debug|Any CPU
		{12EE0447-8AC7-4E1C-87B3-428A1A414CDF}.Debug - server|Any CPU.Build.0 = Debug|Any CPU
		{12EE0447-8AC7-4E1C-87B3-428A1A414CDF}.Debug|Any CPU.ActiveCfg = Debug|Any CPU
		{12EE0447-8AC7-4E1C-87B3-428A1A414CDF}.Debug|Any CPU.Build.0 = Debug|Any CPU
		{12EE0447-8AC7-4E1C-87B3-428A1A414CDF}.Release - server|Any CPU.ActiveCfg = Release|Any CPU
		{12EE0447-8AC7-4E1C-87B3-428A1A414CDF}.Release - server|Any CPU.Build.0 = Release|Any CPU
		{12EE0447-8AC7-4E1C-87B3-428A1A414CDF}.Release|Any CPU.ActiveCfg = Release|Any CPU
		{12EE0447-8AC7-4E1C-87B3-428A1A414CDF}.Release|Any CPU.Build.0 = Release|Any CPU
	EndGlobalSection
	GlobalSection(SolutionProperties) = preSolution
		HideSolutionNode = FALSE
	EndGlobalSection
EndGlobal
